// !$*UTF8*$!
{
	archiveVersion = 1;
	classes = {
	};
	objectVersion = 50;
	objects = {

/* Begin PBXBuildFile section */
		2FC799E8240F700C00BA2C49 /* AppDelegate.swift in Sources */ = {isa = PBXBuildFile; fileRef = 2FC799E7240F700C00BA2C49 /* AppDelegate.swift */; };
		2FC799EA240F700C00BA2C49 /* SceneDelegate.swift in Sources */ = {isa = PBXBuildFile; fileRef = 2FC799E9240F700C00BA2C49 /* SceneDelegate.swift */; };
		2FC799EC240F700C00BA2C49 /* ViewController.swift in Sources */ = {isa = PBXBuildFile; fileRef = 2FC799EB240F700C00BA2C49 /* ViewController.swift */; };
		2FC799EF240F700C00BA2C49 /* Main.storyboard in Resources */ = {isa = PBXBuildFile; fileRef = 2FC799ED240F700C00BA2C49 /* Main.storyboard */; };
		2FC799F2240F700C00BA2C49 /* newsView.xcdatamodeld in Sources */ = {isa = PBXBuildFile; fileRef = 2FC799F0240F700C00BA2C49 /* newsView.xcdatamodeld */; };
		2FC799F4240F700E00BA2C49 /* Assets.xcassets in Resources */ = {isa = PBXBuildFile; fileRef = 2FC799F3240F700E00BA2C49 /* Assets.xcassets */; };
		2FC799F7240F700E00BA2C49 /* LaunchScreen.storyboard in Resources */ = {isa = PBXBuildFile; fileRef = 2FC799F5240F700E00BA2C49 /* LaunchScreen.storyboard */; };
		2FC799FF240F75E700BA2C49 /* Type1.swift in Sources */ = {isa = PBXBuildFile; fileRef = 2FC799FE240F75E700BA2C49 /* Type1.swift */; };
		2FC79A01240F90C400BA2C49 /* NewsDetailController.swift in Sources */ = {isa = PBXBuildFile; fileRef = 2FC79A00240F90C400BA2C49 /* NewsDetailController.swift */; };
/* End PBXBuildFile section */

/* Begin PBXFileReference section */
		2FC799E4240F700C00BA2C49 /* newsView.app */ = {isa = PBXFileReference; explicitFileType = wrapper.application; includeInIndex = 0; path = newsView.app; sourceTree = BUILT_PRODUCTS_DIR; };
		2FC799E7240F700C00BA2C49 /* AppDelegate.swift */ = {isa = PBXFileReference; lastKnownFileType = sourcecode.swift; path = AppDelegate.swift; sourceTree = "<group>"; };
		2FC799E9240F700C00BA2C49 /* SceneDelegate.swift */ = {isa = PBXFileReference; lastKnownFileType = sourcecode.swift; path = SceneDelegate.swift; sourceTree = "<group>"; };
		2FC799EB240F700C00BA2C49 /* ViewController.swift */ = {isa = PBXFileReference; lastKnownFileType = sourcecode.swift; path = ViewController.swift; sourceTree = "<group>"; };
		2FC799EE240F700C00BA2C49 /* Base */ = {isa = PBXFileReference; lastKnownFileType = file.storyboard; name = Base; path = Base.lproj/Main.storyboard; sourceTree = "<group>"; };
		2FC799F1240F700C00BA2C49 /* newsView.xcdatamodel */ = {isa = PBXFileReference; lastKnownFileType = wrapper.xcdatamodel; path = newsView.xcdatamodel; sourceTree = "<group>"; };
		2FC799F3240F700E00BA2C49 /* Assets.xcassets */ = {isa = PBXFileReference; lastKnownFileType = folder.assetcatalog; path = Assets.xcassets; sourceTree = "<group>"; };
		2FC799F6240F700E00BA2C49 /* Base */ = {isa = PBXFileReference; lastKnownFileType = file.storyboard; name = Base; path = Base.lproj/LaunchScreen.storyboard; sourceTree = "<group>"; };
		2FC799F8240F700E00BA2C49 /* Info.plist */ = {isa = PBXFileReference; lastKnownFileType = text.plist.xml; path = Info.plist; sourceTree = "<group>"; };
		2FC799FE240F75E700BA2C49 /* Type1.swift */ = {isa = PBXFileReference; lastKnownFileType = sourcecode.swift; path = Type1.swift; sourceTree = "<group>"; };
		2FC79A00240F90C400BA2C49 /* NewsDetailController.swift */ = {isa = PBXFileReference; lastKnownFileType = sourcecode.swift; path = NewsDetailController.swift; sourceTree = "<group>"; };
/* End PBXFileReference section */

/* Begin PBXFrameworksBuildPhase section */
		2FC799E1240F700C00BA2C49 /* Frameworks */ = {
			isa = PBXFrameworksBuildPhase;
			buildActionMask = 2147483647;
			files = (
			);
			runOnlyForDeploymentPostprocessing = 0;
		};
/* End PBXFrameworksBuildPhase section */

/* Begin PBXGroup section */
		2FC799DB240F700C00BA2C49 = {
			isa = PBXGroup;
			children = (
				2FC799E6240F700C00BA2C49 /* newsView */,
				2FC799E5240F700C00BA2C49 /* Products */,
			);
			sourceTree = "<group>";
		};
		2FC799E5240F700C00BA2C49 /* Products */ = {
			isa = PBXGroup;
			children = (
				2FC799E4240F700C00BA2C49 /* newsView.app */,
			);
			name = Products;
			sourceTree = "<group>";
		};
		2FC799E6240F700C00BA2C49 /* newsView */ = {
			isa = PBXGroup;
			children = (
				2FC799E7240F700C00BA2C49 /* AppDelegate.swift */,
				2FC799E9240F700C00BA2C49 /* SceneDelegate.swift */,
				2FC799EB240F700C00BA2C49 /* ViewController.swift */,
				2FC799ED240F700C00BA2C49 /* Main.storyboard */,
				2FC79A00240F90C400BA2C49 /* NewsDetailController.swift */,
				2FC799F3240F700E00BA2C49 /* Assets.xcassets */,
				2FC799F5240F700E00BA2C49 /* LaunchScreen.storyboard */,
				2FC799F8240F700E00BA2C49 /* Info.plist */,
				2FC799F0240F700C00BA2C49 /* newsView.xcdatamodeld */,
				2FC799FE240F75E700BA2C49 /* Type1.swift */,
			);
			path = newsView;
			sourceTree = "<group>";
		};
/* End PBXGroup section */

/* Begin PBXNativeTarget section */
		2FC799E3240F700C00BA2C49 /* newsView */ = {
			isa = PBXNativeTarget;
			buildConfigurationList = 2FC799FB240F700E00BA2C49 /* Build configuration list for PBXNativeTarget "newsView" */;
			buildPhases = (
				2FC799E0240F700C00BA2C49 /* Sources */,
				2FC799E1240F700C00BA2C49 /* Frameworks */,
				2FC799E2240F700C00BA2C49 /* Resources */,
			);
			buildRules = (
			);
			dependencies = (
			);
			name = newsView;
			productName = newsView;
			productReference = 2FC799E4240F700C00BA2C49 /* newsView.app */;
			productType = "com.apple.product-type.application";
		};
/* End PBXNativeTarget section */

/* Begin PBXProject section */
		2FC799DC240F700C00BA2C49 /* Project object */ = {
			isa = PBXProject;
			attributes = {
				LastSwiftUpdateCheck = 1130;
				LastUpgradeCheck = 1130;
				ORGANIZATIONNAME = JiO;
				TargetAttributes = {
					2FC799E3240F700C00BA2C49 = {
						CreatedOnToolsVersion = 11.3.1;
					};
				};
			};
			buildConfigurationList = 2FC799DF240F700C00BA2C49 /* Build configuration list for PBXProject "newsView" */;
			compatibilityVersion = "Xcode 9.3";
			developmentRegion = en;
			hasScannedForEncodings = 0;
			knownRegions = (
				en,
				Base,
			);
			mainGroup = 2FC799DB240F700C00BA2C49;
			productRefGroup = 2FC799E5240F700C00BA2C49 /* Products */;
			projectDirPath = "";
			projectRoot = "";
			targets = (
				2FC799E3240F700C00BA2C49 /* newsView */,
			);
		};
/* End PBXProject section */

/* Begin PBXResourcesBuildPhase section */
		2FC799E2240F700C00BA2C49 /* Resources */ = {
			isa = PBXResourcesBuildPhase;
			buildActionMask = 2147483647;
			files = (
				2FC799F7240F700E00BA2C49 /* LaunchScreen.storyboard in Resources */,
				2FC799F4240F700E00BA2C49 /* Assets.xcassets in Resources */,
				2FC799EF240F700C00BA2C49 /* Main.storyboard in Resources */,
			);
			runOnlyForDeploymentPostprocessing = 0;
		};
/* End PBXResourcesBuildPhase section */

/* Begin PBXSourcesBuildPhase section */
		2FC799E0240F700C00BA2C49 /* Sources */ = {
			isa = PBXSourcesBuildPhase;
			buildActionMask = 2147483647;
			files = (
				2FC799EC240F700C00BA2C49 /* ViewController.swift in Sources */,
				2FC799F2240F700C00BA2C49 /* newsView.xcdatamodeld in Sources */,
				2FC799E8240F700C00BA2C49 /* AppDelegate.swift in Sources */,
				2FC79A01240F90C400BA2C49 /* NewsDetailController.swift in Sources */,
				2FC799EA240F700C00BA2C49 /* SceneDelegate.swift in Sources */,
				2FC799FF240F75E700BA2C49 /* Type1.swift in Sources */,
			);
			runOnlyForDeploymentPostprocessing = 0;
		};
/* End PBXSourcesBuildPhase section */

/* Begin PBXVariantGroup section */
		2FC799ED240F700C00BA2C49 /* Main.storyboard */ = {
			isa = PBXVariantGroup;
			children = (
				2FC799EE240F700C00BA2C49 /* Base */,
			);
			name = Main.storyboard;
			sourceTree = "<group>";
		};
		2FC799F5240F700E00BA2C49 /* LaunchScreen.storyboard */ = {
			isa = PBXVariantGroup;
			children = (
				2FC799F6240F700E00BA2C49 /* Base */,
			);
			name = LaunchScreen.storyboard;
			sourceTree = "<group>";
		};
/* End PBXVariantGroup section */

/* Begin XCBuildConfiguration section */
		2FC799F9240F700E00BA2C49 /* Debug */ = {
			isa = XCBuildConfiguration;
			buildSettings = {
				ALWAYS_SEARCH_USER_PATHS = NO;
				CLANG_ANALYZER_NONNULL = YES;
				CLANG_ANALYZER_NUMBER_OBJECT_CONVERSION = YES_AGGRESSIVE;
				CLANG_CXX_LANGUAGE_STANDARD = "gnu++14";
				CLANG_CXX_LIBRARY = "libc++";
				CLANG_ENABLE_MODULES = YES;
				CLANG_ENABLE_OBJC_ARC = YES;
				CLANG_ENABLE_OBJC_WEAK = YES;
				CLANG_WARN_BLOCK_CAPTURE_AUTORELEASING = YES;
				CLANG_WARN_BOOL_CONVERSION = YES;
				CLANG_WARN_COMMA = YES;
				CLANG_WARN_CONSTANT_CONVERSION = YES;
				CLANG_WARN_DEPRECATED_OBJC_IMPLEMENTATIONS = YES;
				CLANG_WARN_DIRECT_OBJC_ISA_USAGE = YES_ERROR;
				CLANG_WARN_DOCUMENTATION_COMMENTS = YES;
				CLANG_WARN_EMPTY_BODY = YES;
				CLANG_WARN_ENUM_CONVERSION = YES;
				CLANG_WARN_INFINITE_RECURSION = YES;
				CLANG_WARN_INT_CONVERSION = YES;
				CLANG_WARN_NON_LITERAL_NULL_CONVERSION = YES;
				CLANG_WARN_OBJC_IMPLICIT_RETAIN_SELF = YES;
				CLANG_WARN_OBJC_LITERAL_CONVERSION = YES;
				CLANG_WARN_OBJC_ROOT_CLASS = YES_ERROR;
				CLANG_WARN_RANGE_LOOP_ANALYSIS = YES;
				CLANG_WARN_STRICT_PROTOTYPES = YES;
				CLANG_WARN_SUSPICIOUS_MOVE = YES;
				CLANG_WARN_UNGUARDED_AVAILABILITY = YES_AGGRESSIVE;
				CLANG_WARN_UNREACHABLE_CODE = YES;
				CLANG_WARN__DUPLICATE_METHOD_MATCH = YES;
				COPY_PHASE_STRIP = NO;
				DEBUG_INFORMATION_FORMAT = dwarf;
				ENABLE_STRICT_OBJC_MSGSEND = YES;
				ENABLE_TESTABILITY = YES;
				GCC_C_LANGUAGE_STANDARD = gnu11;
				GCC_DYNAMIC_NO_PIC = NO;
				GCC_NO_COMMON_BLOCKS = YES;
				GCC_OPTIMIZATION_LEVEL = 0;
				GCC_PREPROCESSOR_DEFINITIONS = (
					"DEBUG=1",
					"$(inherited)",
				);
				GCC_WARN_64_TO_32_BIT_CONVERSION = YES;
				GCC_WARN_ABOUT_RETURN_TYPE = YES_ERROR;
				GCC_WARN_UNDECLARED_SELECTOR = YES;
				GCC_WARN_UNINITIALIZED_AUTOS = YES_AGGRESSIVE;
				GCC_WARN_UNUSED_FUNCTION = YES;
				GCC_WARN_UNUSED_VARIABLE = YES;
				IPHONEOS_DEPLOYMENT_TARGET = 13.2;
				MTL_ENABLE_DEBUG_INFO = INCLUDE_SOURCE;
				MTL_FAST_MATH = YES;
				ONLY_ACTIVE_ARCH = YES;
				SDKROOT = iphoneos;
				SWIFT_ACTIVE_COMPILATION_CONDITIONS = DEBUG;
				SWIFT_OPTIMIZATION_LEVEL = "-Onone";
			};
			name = Debug;
		};
		2FC799FA240F700E00BA2C49 /* Release */ = {
			isa = XCBuildConfiguration;
			buildSettings = {
				ALWAYS_SEARCH_USER_PATHS = NO;
				CLANG_ANALYZER_NONNULL = YES;
				CLANG_ANALYZER_NUMBER_OBJECT_CONVERSION = YES_AGGRESSIVE;
				CLANG_CXX_LANGUAGE_STANDARD = "gnu++14";
				CLANG_CXX_LIBRARY = "libc++";
				CLANG_ENABLE_MODULES = YES;
				CLANG_ENABLE_OBJC_ARC = YES;
				CLANG_ENABLE_OBJC_WEAK = YES;
				CLANG_WARN_BLOCK_CAPTURE_AUTORELEASING = YES;
				CLANG_WARN_BOOL_CONVERSION = YES;
				CLANG_WARN_COMMA = YES;
				CLANG_WARN_CONSTANT_CONVERSION = YES;
				CLANG_WARN_DEPRECATED_OBJC_IMPLEMENTATIONS = YES;
				CLANG_WARN_DIRECT_OBJC_ISA_USAGE = YES_ERROR;
				CLANG_WARN_DOCUMENTATION_COMMENTS = YES;
				CLANG_WARN_EMPTY_BODY = YES;
				CLANG_WARN_ENUM_CONVERSION = YES;
				CLANG_WARN_INFINITE_RECURSION = YES;
				CLANG_WARN_INT_CONVERSION = YES;
				CLANG_WARN_NON_LITERAL_NULL_CONVERSION = YES;
				CLANG_WARN_OBJC_IMPLICIT_RETAIN_SELF = YES;
				CLANG_WARN_OBJC_LITERAL_CONVERSION = YES;
				CLANG_WARN_OBJC_ROOT_CLASS = YES_ERROR;
				CLANG_WARN_RANGE_LOOP_ANALYSIS = YES;
				CLANG_WARN_STRICT_PROTOTYPES = YES;
				CLANG_WARN_SUSPICIOUS_MOVE = YES;
				CLANG_WARN_UNGUARDED_AVAILABILITY = YES_AGGRESSIVE;
				CLANG_WARN_UNREACHABLE_CODE = YES;
				CLANG_WARN__DUPLICATE_METHOD_MATCH = YES;
				COPY_PHASE_STRIP = NO;
				DEBUG_INFORMATION_FORMAT = "dwarf-with-dsym";
				ENABLE_NS_ASSERTIONS = NO;
				ENABLE_STRICT_OBJC_MSGSEND = YES;
				GCC_C_LANGUAGE_STANDARD = gnu11;
				GCC_NO_COMMON_BLOCKS = YES;
				GCC_WARN_64_TO_32_BIT_CONVERSION = YES;
				GCC_WARN_ABOUT_RETURN_TYPE = YES_ERROR;
				GCC_WARN_UNDECLARED_SELECTOR = YES;
				GCC_WARN_UNINITIALIZED_AUTOS = YES_AGGRESSIVE;
				GCC_WARN_UNUSED_FUNCTION = YES;
				GCC_WARN_UNUSED_VARIABLE = YES;
				IPHONEOS_DEPLOYMENT_TARGET = 13.2;
				MTL_ENABLE_DEBUG_INFO = NO;
				MTL_FAST_MATH = YES;
				SDKROOT = iphoneos;
				SWIFT_COMPILATION_MODE = wholemodule;
				SWIFT_OPTIMIZATION_LEVEL = "-O";
				VALIDATE_PRODUCT = YES;
			};
			name = Release;
		};
		2FC799FC240F700E00BA2C49 /* Debug */ = {
			isa = XCBuildConfiguration;
			buildSettings = {
				ASSETCATALOG_COMPILER_APPICON_NAME = AppIcon;
				CODE_SIGN_STYLE = Automatic;
				DEVELOPMENT_TEAM = Y9PZ9B6TJV;
				INFOPLIST_FILE = newsView/Info.plist;
				LD_RUNPATH_SEARCH_PATHS = (
					"$(inherited)",
					"@executable_path/Frameworks",
				);
				PRODUCT_BUNDLE_IDENTIFIER = com.Jio.newsView;
				PRODUCT_NAME = "$(TARGET_NAME)";
				SWIFT_VERSION = 5.0;
				TARGETED_DEVICE_FAMILY = "1,2";
			};
			name = Debug;
		};
		2FC799FD240F700E00BA2C49 /* Release */ = {
			isa = XCBuildConfiguration;
			buildSettings = {
				ASSETCATALOG_COMPILER_APPICON_NAME = AppIcon;
				CODE_SIGN_STYLE = Automatic;
				DEVELOPMENT_TEAM = Y9PZ9B6TJV;
				INFOPLIST_FILE = newsView/Info.plist;
				LD_RUNPATH_SEARCH_PATHS = (
					"$(inherited)",
					"@executable_path/Frameworks",
				);
				PRODUCT_BUNDLE_IDENTIFIER = com.Jio.newsView;
				PRODUCT_NAME = "$(TARGET_NAME)";
				SWIFT_VERSION = 5.0;
				TARGETED_DEVICE_FAMILY = "1,2";
			};
			name = Release;
		};
/* End XCBuildConfiguration section */

/* Begin XCConfigurationList section */
		2FC799DF240F700C00BA2C49 /* Build configuration list for PBXProject "newsView" */ = {
			isa = XCConfigurationList;
			buildConfigurations = (
				2FC799F9240F700E00BA2C49 /* Debug */,
				2FC799FA240F700E00BA2C49 /* Release */,
			);
			defaultConfigurationIsVisible = 0;
			defaultConfigurationName = Release;
		};
		2FC799FB240F700E00BA2C49 /* Build configuration list for PBXNativeTarget "newsView" */ = {
			isa = XCConfigurationList;
			buildConfigurations = (
				2FC799FC240F700E00BA2C49 /* Debug */,
				2FC799FD240F700E00BA2C49 /* Release */,
			);
			defaultConfigurationIsVisible = 0;
			defaultConfigurationName = Release;
		};
/* End XCConfigurationList section */

/* Begin XCVersionGroup section */
		2FC799F0240F700C00BA2C49 /* newsView.xcdatamodeld */ = {
			isa = XCVersionGroup;
			children = (
				2FC799F1240F700C00BA2C49 /* newsView.xcdatamodel */,
			);
			currentVersion = 2FC799F1240F700C00BA2C49 /* newsView.xcdatamodel */;
			path = newsView.xcdatamodeld;
			sourceTree = "<group>";
			versionGroupType = wrapper.xcdatamodel;
		};
/* End XCVersionGroup section */
	};
	rootObject = 2FC799DC240F700C00BA2C49 /* Project object */;
}
